
Microsoft Visual Studio Solution File, Format Version 12.00
# Visual Studio 15
VisualStudioVersion = 15.0.28307.168
MinimumVisualStudioVersion = 10.0.40219.1
Project("{FAE04EC0-301F-11D3-BF4B-00C04F79EFBC}") = "CoinService", "CoinService\CoinService.csproj", "{A0E69F94-FC4F-4EE7-8AF0-0EB4834AEFC1}"
EndProject
Project("{FAE04EC0-301F-11D3-BF4B-00C04F79EFBC}") = "CoinService.Tasks", "CoinService.Tasks\CoinService.Tasks.csproj", "{32D65E8C-DD27-4936-9401-39E2E841D626}"
EndProject
Global
	GlobalSection(SolutionConfigurationPlatforms) = preSolution
		Debug|Any CPU = Debug|Any CPU
		Release|Any CPU = Release|Any CPU
	EndGlobalSection
	GlobalSection(ProjectConfigurationPlatforms) = postSolution
		{A0E69F94-FC4F-4EE7-8AF0-0EB4834AEFC1}.Debug|Any CPU.ActiveCfg = Debug|Any CPU
		{A0E69F94-FC4F-4EE7-8AF0-0EB4834AEFC1}.Debug|Any CPU.Build.0 = Debug|Any CPU
		{A0E69F94-FC4F-4EE7-8AF0-0EB4834AEFC1}.Release|Any CPU.ActiveCfg = Release|Any CPU
		{A0E69F94-FC4F-4EE7-8AF0-0EB4834AEFC1}.Release|Any CPU.Build.0 = Release|Any CPU
		{32D65E8C-DD27-4936-9401-39E2E841D626}.Debug|Any CPU.ActiveCfg = Debug|Any CPU
		{32D65E8C-DD27-4936-9401-39E2E841D626}.Debug|Any CPU.Build.0 = Debug|Any CPU
		{32D65E8C-DD27-4936-9401-39E2E841D626}.Release|Any CPU.ActiveCfg = Release|Any CPU
		{32D65E8C-DD27-4936-9401-39E2E841D626}.Release|Any CPU.Build.0 = Release|Any CPU
	EndGlobalSection
	GlobalSection(SolutionProperties) = preSolution
		HideSolutionNode = FALSE
	EndGlobalSection
	GlobalSection(ExtensibilityGlobals) = postSolution
		SolutionGuid = {949BB826-A7DB-4B7F-B54B-D0FFF81A0271}
	EndGlobalSection
EndGlobal
