
Microsoft Visual Studio Solution File, Format Version 12.00
# Visual Studio 15
VisualStudioVersion = 15.0.28307.168
MinimumVisualStudioVersion = 10.0.40219.1
Project("{9A19103F-16F7-4668-BE54-9A1E7A4F7556}") = "CoinService", "CoinService\CoinService.csproj", "{A0E69F94-FC4F-4EE7-8AF0-0EB4834AEFC1}"
EndProject
Project("{9A19103F-16F7-4668-BE54-9A1E7A4F7556}") = "CoinService.Tasks", "CoinService.Tasks\CoinService.Tasks.csproj", "{32D65E8C-DD27-4936-9401-39E2E841D626}"
EndProject
Project("{9A19103F-16F7-4668-BE54-9A1E7A4F7556}") = "CoinService.BusinessLayer", "CoinService.BusinessLayer\CoinService.BusinessLayer.csproj", "{0643EF37-5E71-456B-98D8-11CD1B95DB49}"
EndProject
Project("{9A19103F-16F7-4668-BE54-9A1E7A4F7556}") = "CoinService.DataLayer", "CoinService.DataLayer\CoinService.DataLayer.csproj", "{7E413628-FEF4-4FD7-AC3B-68C09B284885}"
EndProject
Project("{FAE04EC0-301F-11D3-BF4B-00C04F79EFBC}") = "CoinService.Tasks.Tests", "CoinService.Tasks.Tests\CoinService.Tasks.Tests.csproj", "{49458A14-D601-42C6-90C9-B27FC75CDE85}"
EndProject
Global
	GlobalSection(SolutionConfigurationPlatforms) = preSolution
		Debug|Any CPU = Debug|Any CPU
		Release|Any CPU = Release|Any CPU
	EndGlobalSection
	GlobalSection(ProjectConfigurationPlatforms) = postSolution
		{A0E69F94-FC4F-4EE7-8AF0-0EB4834AEFC1}.Debug|Any CPU.ActiveCfg = Debug|Any CPU
		{A0E69F94-FC4F-4EE7-8AF0-0EB4834AEFC1}.Debug|Any CPU.Build.0 = Debug|Any CPU
		{A0E69F94-FC4F-4EE7-8AF0-0EB4834AEFC1}.Release|Any CPU.ActiveCfg = Release|Any CPU
		{A0E69F94-FC4F-4EE7-8AF0-0EB4834AEFC1}.Release|Any CPU.Build.0 = Release|Any CPU
		{32D65E8C-DD27-4936-9401-39E2E841D626}.Debug|Any CPU.ActiveCfg = Debug|Any CPU
		{32D65E8C-DD27-4936-9401-39E2E841D626}.Debug|Any CPU.Build.0 = Debug|Any CPU
		{32D65E8C-DD27-4936-9401-39E2E841D626}.Release|Any CPU.ActiveCfg = Release|Any CPU
		{32D65E8C-DD27-4936-9401-39E2E841D626}.Release|Any CPU.Build.0 = Release|Any CPU
		{0643EF37-5E71-456B-98D8-11CD1B95DB49}.Debug|Any CPU.ActiveCfg = Debug|Any CPU
		{0643EF37-5E71-456B-98D8-11CD1B95DB49}.Debug|Any CPU.Build.0 = Debug|Any CPU
		{0643EF37-5E71-456B-98D8-11CD1B95DB49}.Release|Any CPU.ActiveCfg = Release|Any CPU
		{0643EF37-5E71-456B-98D8-11CD1B95DB49}.Release|Any CPU.Build.0 = Release|Any CPU
		{7E413628-FEF4-4FD7-AC3B-68C09B284885}.Debug|Any CPU.ActiveCfg = Debug|Any CPU
		{7E413628-FEF4-4FD7-AC3B-68C09B284885}.Debug|Any CPU.Build.0 = Debug|Any CPU
		{7E413628-FEF4-4FD7-AC3B-68C09B284885}.Release|Any CPU.ActiveCfg = Release|Any CPU
		{7E413628-FEF4-4FD7-AC3B-68C09B284885}.Release|Any CPU.Build.0 = Release|Any CPU
		{49458A14-D601-42C6-90C9-B27FC75CDE85}.Debug|Any CPU.ActiveCfg = Debug|Any CPU
		{49458A14-D601-42C6-90C9-B27FC75CDE85}.Debug|Any CPU.Build.0 = Debug|Any CPU
		{49458A14-D601-42C6-90C9-B27FC75CDE85}.Release|Any CPU.ActiveCfg = Release|Any CPU
		{49458A14-D601-42C6-90C9-B27FC75CDE85}.Release|Any CPU.Build.0 = Release|Any CPU
	EndGlobalSection
	GlobalSection(SolutionProperties) = preSolution
		HideSolutionNode = FALSE
	EndGlobalSection
	GlobalSection(ExtensibilityGlobals) = postSolution
		SolutionGuid = {949BB826-A7DB-4B7F-B54B-D0FFF81A0271}
	EndGlobalSection
EndGlobal
